
Microsoft Visual Studio Solution File, Format Version 12.00
# Visual Studio Version 17
VisualStudioVersion = 17.11.35222.181
MinimumVisualStudioVersion = 10.0.40219.1
Project("{FAE04EC0-301F-11D3-BF4B-00C04F79EFBC}") = "userauth", "userauth.csproj", "{D5CC6788-D779-42BD-B341-F67B0F662ED3}"
EndProject
Global
	GlobalSection(SolutionConfigurationPlatforms) = preSolution
		Debug|Any CPU = Debug|Any CPU
		Release|Any CPU = Release|Any CPU
	EndGlobalSection
	GlobalSection(ProjectConfigurationPlatforms) = postSolution
		{D5CC6788-D779-42BD-B341-F67B0F662ED3}.Debug|Any CPU.ActiveCfg = Debug|Any CPU
		{D5CC6788-D779-42BD-B341-F67B0F662ED3}.Debug|Any CPU.Build.0 = Debug|Any CPU
		{D5CC6788-D779-42BD-B341-F67B0F662ED3}.Release|Any CPU.ActiveCfg = Release|Any CPU
		{D5CC6788-D779-42BD-B341-F67B0F662ED3}.Release|Any CPU.Build.0 = Release|Any CPU
	EndGlobalSection
	GlobalSection(SolutionProperties) = preSolution
		HideSolutionNode = FALSE
	EndGlobalSection
	GlobalSection(ExtensibilityGlobals) = postSolution
		SolutionGuid = {341DE090-D083-4184-8B71-054460B4F2A2}
	EndGlobalSection
EndGlobal
